
Microsoft Visual Studio Solution File, Format Version 12.00
# Visual Studio Version 17
VisualStudioVersion = 17.6.33723.286
MinimumVisualStudioVersion = 10.0.40219.1
Project("{FAE04EC0-301F-11D3-BF4B-00C04F79EFBC}") = "AbstractClass", "AbstractClass\AbstractClass.csproj", "{1CDA88AB-07FF-4F62-9414-BAB8071FF2E4}"
EndProject
Global
	GlobalSection(SolutionConfigurationPlatforms) = preSolution
		Debug|Any CPU = Debug|Any CPU
		Release|Any CPU = Release|Any CPU
	EndGlobalSection
	GlobalSection(ProjectConfigurationPlatforms) = postSolution
		{1CDA88AB-07FF-4F62-9414-BAB8071FF2E4}.Debug|Any CPU.ActiveCfg = Debug|Any CPU
		{1CDA88AB-07FF-4F62-9414-BAB8071FF2E4}.Debug|Any CPU.Build.0 = Debug|Any CPU
		{1CDA88AB-07FF-4F62-9414-BAB8071FF2E4}.Release|Any CPU.ActiveCfg = Release|Any CPU
		{1CDA88AB-07FF-4F62-9414-BAB8071FF2E4}.Release|Any CPU.Build.0 = Release|Any CPU
	EndGlobalSection
	GlobalSection(SolutionProperties) = preSolution
		HideSolutionNode = FALSE
	EndGlobalSection
	GlobalSection(ExtensibilityGlobals) = postSolution
		SolutionGuid = {43EBAE88-71A2-4FDB-AFDC-71481C6C84C9}
	EndGlobalSection
EndGlobal
